
Microsoft Visual Studio Solution File, Format Version 12.00
# Visual Studio Version 16
VisualStudioVersion = 16.0.29709.97
MinimumVisualStudioVersion = 10.0.40219.1
Project("{9A19103F-16F7-4668-BE54-9A1E7A4F7556}") = "shell-produced-azure-vm", "shell-produced-azure-vm\shell-produced-azure-vm.csproj", "{2B12EF49-12EE-441E-AD36-8DD42E945849}"
EndProject
Project("{FAE04EC0-301F-11D3-BF4B-00C04F79EFBC}") = "code-produced-load-balancer", "code-produced-load-balancer\code-produced-load-balancer.csproj", "{EE283DCE-25AD-4FA3-A0CB-59B719F9F6D6}"
EndProject
Global
	GlobalSection(SolutionConfigurationPlatforms) = preSolution
		Debug|Any CPU = Debug|Any CPU
		Release|Any CPU = Release|Any CPU
	EndGlobalSection
	GlobalSection(ProjectConfigurationPlatforms) = postSolution
		{2B12EF49-12EE-441E-AD36-8DD42E945849}.Debug|Any CPU.ActiveCfg = Debug|Any CPU
		{2B12EF49-12EE-441E-AD36-8DD42E945849}.Debug|Any CPU.Build.0 = Debug|Any CPU
		{2B12EF49-12EE-441E-AD36-8DD42E945849}.Release|Any CPU.ActiveCfg = Release|Any CPU
		{2B12EF49-12EE-441E-AD36-8DD42E945849}.Release|Any CPU.Build.0 = Release|Any CPU
		{EE283DCE-25AD-4FA3-A0CB-59B719F9F6D6}.Debug|Any CPU.ActiveCfg = Debug|Any CPU
		{EE283DCE-25AD-4FA3-A0CB-59B719F9F6D6}.Debug|Any CPU.Build.0 = Debug|Any CPU
		{EE283DCE-25AD-4FA3-A0CB-59B719F9F6D6}.Release|Any CPU.ActiveCfg = Release|Any CPU
		{EE283DCE-25AD-4FA3-A0CB-59B719F9F6D6}.Release|Any CPU.Build.0 = Release|Any CPU
	EndGlobalSection
	GlobalSection(SolutionProperties) = preSolution
		HideSolutionNode = FALSE
	EndGlobalSection
	GlobalSection(ExtensibilityGlobals) = postSolution
		SolutionGuid = {DA95CB38-19EA-4A57-A5F3-417512C88C15}
	EndGlobalSection
EndGlobal
